
Microsoft Visual Studio Solution File, Format Version 11.00
# Visual C++ Express 2010
Project("{8BC9CEB8-8B4A-11D0-8D11-00A0C91BC942}") = "SFML_test", "SFML_test\SFML_test.vcxproj", "{053058EC-AF52-459E-9356-58E06CBEBFBE}"
EndProject
Global
	GlobalSection(SolutionConfigurationPlatforms) = preSolution
		Debug|Win32 = Debug|Win32
		Release|Win32 = Release|Win32
	EndGlobalSection
	GlobalSection(ProjectConfigurationPlatforms) = postSolution
		{053058EC-AF52-459E-9356-58E06CBEBFBE}.Debug|Win32.ActiveCfg = Debug|Win32
		{053058EC-AF52-459E-9356-58E06CBEBFBE}.Debug|Win32.Build.0 = Debug|Win32
		{053058EC-AF52-459E-9356-58E06CBEBFBE}.Release|Win32.ActiveCfg = Release|Win32
		{053058EC-AF52-459E-9356-58E06CBEBFBE}.Release|Win32.Build.0 = Release|Win32
	EndGlobalSection
	GlobalSection(SolutionProperties) = preSolution
		HideSolutionNode = FALSE
	EndGlobalSection
EndGlobal
