<?xml version="1.0" encoding="utf-8"?>
<Project ToolsVersion="4.0" xmlns="http://schemas.microsoft.com/developer/msbuild/2003">
  <ItemGroup>
    <Filter Include="Source Files">
      <UniqueIdentifier>{4FC737F1-C7A5-4376-A066-2A32D752A2FF}</UniqueIdentifier>
      <Extensions>cpp;c;cc;cxx;def;odl;idl;hpj;bat;asm;asmx</Extensions>
    </Filter>
    <Filter Include="Header Files">
      <UniqueIdentifier>{93995380-89BD-4b04-88EB-625FBE52EBFB}</UniqueIdentifier>
      <Extensions>h;hpp;hxx;hm;inl;inc;xsd</Extensions>
    </Filter>
    <Filter Include="Resource Files">
      <UniqueIdentifier>{67DA6AB6-F800-4c08-8B7A-83BB121AAD01}</UniqueIdentifier>
      <Extensions>rc;ico;cur;bmp;dlg;rc2;rct;bin;rgs;gif;jpg;jpeg;jpe;resx;tiff;tif;png;wav;mfcribbon-ms</Extensions>
    </Filter>
    <Filter Include="Header Files\Utility">
      <UniqueIdentifier>{f1031b2c-a711-40c8-864c-1aadd6085dd4}</UniqueIdentifier>
    </Filter>
    <Filter Include="Source Files\Utility">
      <UniqueIdentifier>{4ee61dce-6daf-4ea4-ae4a-09965afd2592}</UniqueIdentifier>
    </Filter>
    <Filter Include="Header Files\Maths">
      <UniqueIdentifier>{f7acbd7e-512b-4ded-9cfd-a56e89cb852b}</UniqueIdentifier>
    </Filter>
    <Filter Include="Source Files\Maths">
      <UniqueIdentifier>{83ff9e3e-e5fc-4149-9d37-3ba7135de6ae}</UniqueIdentifier>
    </Filter>
    <Filter Include="Header Files\Applications">
      <UniqueIdentifier>{7594392a-07f2-46e5-bd95-6c5c59c61573}</UniqueIdentifier>
    </Filter>
    <Filter Include="Source Files\Applications">
      <UniqueIdentifier>{cbfd60c0-8736-4a3b-926a-89c872665b1e}</UniqueIdentifier>
    </Filter>
    <Filter Include="Header Files\Cards">
      <UniqueIdentifier>{6410de79-047a-42cb-921e-3294b5a3a009}</UniqueIdentifier>
    </Filter>
    <Filter Include="Source Files\Cards">
      <UniqueIdentifier>{15bd5734-7a55-4c04-934b-98ecc20d54ef}</UniqueIdentifier>
    </Filter>
    <Filter Include="Header Files\DominosAI">
      <UniqueIdentifier>{3b8d5859-b67d-4652-b34c-8817bf0a29e7}</UniqueIdentifier>
    </Filter>
    <Filter Include="Source Files\DominosAI">
      <UniqueIdentifier>{27e34d3a-be3a-4093-a046-da53b54966ee}</UniqueIdentifier>
    </Filter>
  </ItemGroup>
  <ItemGroup>
    <None Include="ReadMe.txt" />
    <None Include="MathsUtility.hpp">
      <Filter>Header Files\Maths</Filter>
    </None>
  </ItemGroup>
  <ItemGroup>
    <ClInclude Include="Application.hpp">
      <Filter>Header Files</Filter>
    </ClInclude>
    <ClInclude Include="Fake3DShape.hpp">
      <Filter>Header Files</Filter>
    </ClInclude>
    <ClInclude Include="Path.hpp">
      <Filter>Header Files</Filter>
    </ClInclude>
    <ClInclude Include="VectorUtility.hpp">
      <Filter>Header Files\Utility</Filter>
    </ClInclude>
    <ClInclude Include="Fibonacci.hpp">
      <Filter>Header Files\Maths</Filter>
    </ClInclude>
    <ClInclude Include="PascalTriangle.hpp">
      <Filter>Header Files\Maths</Filter>
    </ClInclude>
    <ClInclude Include="SierpinskiArrowhead.hpp">
      <Filter>Header Files\Maths</Filter>
    </ClInclude>
    <ClInclude Include="SierpinskiCarpet.h">
      <Filter>Header Files\Maths</Filter>
    </ClInclude>
    <ClInclude Include="SierpinskiTriangle.hpp">
      <Filter>Header Files\Maths</Filter>
    </ClInclude>
    <ClInclude Include="Spline.hpp">
      <Filter>Header Files\Maths</Filter>
    </ClInclude>
    <ClInclude Include="Noise.hpp">
      <Filter>Header Files</Filter>
    </ClInclude>
    <ClInclude Include="PerlinNoise.hpp">
      <Filter>Header Files</Filter>
    </ClInclude>
    <ClInclude Include="Agent.hpp">
      <Filter>Header Files</Filter>
    </ClInclude>
    <ClInclude Include="NoiseTest.hpp">
      <Filter>Header Files\Applications</Filter>
    </ClInclude>
    <ClInclude Include="ParticleTest.hpp">
      <Filter>Header Files\Applications</Filter>
    </ClInclude>
    <ClInclude Include="PeopleSpawning.hpp">
      <Filter>Header Files\Applications</Filter>
    </ClInclude>
    <ClInclude Include="APDTest.hpp">
      <Filter>Header Files\Applications</Filter>
    </ClInclude>
    <ClInclude Include="TestApp.hpp">
      <Filter>Header Files\Applications</Filter>
    </ClInclude>
    <ClInclude Include="Particle.hpp">
      <Filter>Header Files</Filter>
    </ClInclude>
    <ClInclude Include="ParticleEmitter.h">
      <Filter>Header Files</Filter>
    </ClInclude>
    <ClInclude Include="SPHTest.h">
      <Filter>Header Files\Applications</Filter>
    </ClInclude>
    <ClInclude Include="SPHParticle.hpp">
      <Filter>Header Files</Filter>
    </ClInclude>
    <ClInclude Include="BoomShine.hpp">
      <Filter>Header Files\Applications</Filter>
    </ClInclude>
    <ClInclude Include="BoomParticle.hpp">
      <Filter>Header Files</Filter>
    </ClInclude>
    <ClInclude Include="BoomShineLevel.hpp">
      <Filter>Header Files</Filter>
    </ClInclude>
    <ClInclude Include="Button.hpp">
      <Filter>Header Files</Filter>
    </ClInclude>
    <ClInclude Include="PerlinNoise3D.hpp">
      <Filter>Header Files</Filter>
    </ClInclude>
    <ClInclude Include="Noise3DTest.hpp">
      <Filter>Header Files\Applications</Filter>
    </ClInclude>
    <ClInclude Include="DragonSpiralTest.hpp">
      <Filter>Header Files\Applications</Filter>
    </ClInclude>
    <ClInclude Include="Line.hpp">
      <Filter>Header Files</Filter>
    </ClInclude>
    <ClInclude Include="MonteCarloPi.hpp">
      <Filter>Header Files\Applications</Filter>
    </ClInclude>
    <ClInclude Include="ModuloProduct.hpp">
      <Filter>Header Files\Applications</Filter>
    </ClInclude>
    <ClInclude Include="BezierCurve2D.hpp">
      <Filter>Header Files\Maths</Filter>
    </ClInclude>
    <ClInclude Include="PathFollowing.hpp">
      <Filter>Header Files\Applications</Filter>
    </ClInclude>
    <ClInclude Include="SuperEllipse.hpp">
      <Filter>Header Files\Maths</Filter>
    </ClInclude>
    <ClInclude Include="LinePath.hpp">
      <Filter>Header Files</Filter>
    </ClInclude>
    <ClInclude Include="Rose.hpp">
      <Filter>Header Files\Maths</Filter>
    </ClInclude>
    <ClInclude Include="VoronoiDiagramTest.hpp">
      <Filter>Header Files\Applications</Filter>
    </ClInclude>
    <ClInclude Include="VoronoiDiagram.hpp">
      <Filter>Header Files\Maths</Filter>
    </ClInclude>
    <ClInclude Include="MandelbrotTest.hpp">
      <Filter>Header Files\Applications</Filter>
    </ClInclude>
    <ClInclude Include="PixelBuffer.hpp">
      <Filter>Header Files\Utility</Filter>
    </ClInclude>
    <ClInclude Include="PixelBufferTest.hpp">
      <Filter>Header Files\Applications</Filter>
    </ClInclude>
    <ClInclude Include="DragonSpiral.hpp">
      <Filter>Header Files\Maths</Filter>
    </ClInclude>
    <ClInclude Include="StrategyTestGame.hpp">
      <Filter>Header Files\Applications</Filter>
    </ClInclude>
    <ClInclude Include="PlayingCard.hpp">
      <Filter>Header Files\Cards</Filter>
    </ClInclude>
    <ClInclude Include="PlayingCardDrawable.hpp">
      <Filter>Header Files\Cards</Filter>
    </ClInclude>
    <ClInclude Include="PlayingCardTest.hpp">
      <Filter>Header Files\Applications</Filter>
    </ClInclude>
    <ClInclude Include="IClickable.hpp">
      <Filter>Header Files\Utility</Filter>
    </ClInclude>
    <ClInclude Include="PlayingCardManager.hpp">
      <Filter>Header Files\Cards</Filter>
    </ClInclude>
    <ClInclude Include="PlayingCardDeck.hpp">
      <Filter>Header Files\Cards</Filter>
    </ClInclude>
    <ClInclude Include="PlayingCardLayout.hpp">
      <Filter>Header Files\Cards</Filter>
    </ClInclude>
    <ClInclude Include="PlayingCardPile.hpp">
      <Filter>Header Files\Cards</Filter>
    </ClInclude>
    <ClInclude Include="DominosAITest.hpp">
      <Filter>Header Files\Applications</Filter>
    </ClInclude>
    <ClInclude Include="Domino.hpp">
      <Filter>Header Files\DominosAI</Filter>
    </ClInclude>
    <ClInclude Include="DominoAI.hpp">
      <Filter>Header Files\DominosAI</Filter>
    </ClInclude>
    <ClInclude Include="Navigation.hpp">
      <Filter>Header Files\Utility</Filter>
    </ClInclude>
    <ClInclude Include="WavePuzzle.hpp">
      <Filter>Header Files\Applications</Filter>
    </ClInclude>
    <ClInclude Include="InputManager.hpp">
      <Filter>Header Files\Utility</Filter>
    </ClInclude>
  </ItemGroup>
  <ItemGroup>
    <ClCompile Include="SFML_test.cpp">
      <Filter>Source Files</Filter>
    </ClCompile>
    <ClCompile Include="Application.cpp">
      <Filter>Source Files</Filter>
    </ClCompile>
    <ClCompile Include="Path.cpp">
      <Filter>Source Files</Filter>
    </ClCompile>
    <ClCompile Include="VectorUtility.cpp">
      <Filter>Source Files\Utility</Filter>
    </ClCompile>
    <ClCompile Include="Fibonacci.cpp">
      <Filter>Source Files\Maths</Filter>
    </ClCompile>
    <ClCompile Include="PascalTriangle.cpp">
      <Filter>Source Files\Maths</Filter>
    </ClCompile>
    <ClCompile Include="SierpinksiTriangle.cpp">
      <Filter>Source Files\Maths</Filter>
    </ClCompile>
    <ClCompile Include="SierpinskiArrowhead.cpp">
      <Filter>Source Files\Maths</Filter>
    </ClCompile>
    <ClCompile Include="SierpinskiCarpet.cpp">
      <Filter>Source Files\Maths</Filter>
    </ClCompile>
    <ClCompile Include="Spline.cpp">
      <Filter>Source Files\Maths</Filter>
    </ClCompile>
    <ClCompile Include="MathsUtility.cpp">
      <Filter>Source Files\Maths</Filter>
    </ClCompile>
    <ClCompile Include="Noise.cpp">
      <Filter>Source Files</Filter>
    </ClCompile>
    <ClCompile Include="PerlinNoise.cpp">
      <Filter>Source Files</Filter>
    </ClCompile>
    <ClCompile Include="Agent.cpp">
      <Filter>Source Files</Filter>
    </ClCompile>
    <ClCompile Include="NoiseTest.cpp">
      <Filter>Source Files\Applications</Filter>
    </ClCompile>
    <ClCompile Include="ParticleTest.cpp">
      <Filter>Source Files\Applications</Filter>
    </ClCompile>
    <ClCompile Include="PeopleSpawning.cpp">
      <Filter>Source Files\Applications</Filter>
    </ClCompile>
    <ClCompile Include="APDTest.cpp">
      <Filter>Source Files\Applications</Filter>
    </ClCompile>
    <ClCompile Include="TestApp.cpp">
      <Filter>Source Files\Applications</Filter>
    </ClCompile>
    <ClCompile Include="Particle.cpp">
      <Filter>Source Files</Filter>
    </ClCompile>
    <ClCompile Include="ParticleEmitter.cpp">
      <Filter>Source Files</Filter>
    </ClCompile>
    <ClCompile Include="SPHTest.cpp">
      <Filter>Source Files\Applications</Filter>
    </ClCompile>
    <ClCompile Include="SPHParticle.cpp">
      <Filter>Source Files</Filter>
    </ClCompile>
    <ClCompile Include="BoomShine.cpp">
      <Filter>Source Files\Applications</Filter>
    </ClCompile>
    <ClCompile Include="BoomParticle.cpp">
      <Filter>Source Files</Filter>
    </ClCompile>
    <ClCompile Include="BoomShineLevel.cpp">
      <Filter>Source Files</Filter>
    </ClCompile>
    <ClCompile Include="Button.cpp">
      <Filter>Source Files</Filter>
    </ClCompile>
    <ClCompile Include="PerlinNoise3D.cpp">
      <Filter>Source Files</Filter>
    </ClCompile>
    <ClCompile Include="Noise3DTest.cpp">
      <Filter>Source Files\Applications</Filter>
    </ClCompile>
    <ClCompile Include="DragonSpiralTest.cpp">
      <Filter>Source Files\Applications</Filter>
    </ClCompile>
    <ClCompile Include="Line.cpp">
      <Filter>Source Files</Filter>
    </ClCompile>
    <ClCompile Include="MonteCarloPi.cpp">
      <Filter>Source Files\Applications</Filter>
    </ClCompile>
    <ClCompile Include="ModuloProduct.cpp">
      <Filter>Source Files\Applications</Filter>
    </ClCompile>
    <ClCompile Include="PathFollowing.cpp">
      <Filter>Source Files\Applications</Filter>
    </ClCompile>
    <ClCompile Include="BezierCurve2D.cpp">
      <Filter>Source Files\Maths</Filter>
    </ClCompile>
    <ClCompile Include="SuperEllipse.cpp">
      <Filter>Source Files\Maths</Filter>
    </ClCompile>
    <ClCompile Include="LinePath.cpp">
      <Filter>Source Files</Filter>
    </ClCompile>
    <ClCompile Include="Rose.cpp">
      <Filter>Source Files\Maths</Filter>
    </ClCompile>
    <ClCompile Include="VoronoiDiagramTest.cpp">
      <Filter>Source Files\Applications</Filter>
    </ClCompile>
    <ClCompile Include="VoronoiDiagram.cpp">
      <Filter>Source Files\Maths</Filter>
    </ClCompile>
    <ClCompile Include="MandelbrotTest.cpp">
      <Filter>Source Files\Applications</Filter>
    </ClCompile>
    <ClCompile Include="PixelBuffer.cpp">
      <Filter>Source Files\Utility</Filter>
    </ClCompile>
    <ClCompile Include="PixelBufferTest.cpp">
      <Filter>Source Files\Applications</Filter>
    </ClCompile>
    <ClCompile Include="DragonSpiral.cpp">
      <Filter>Source Files\Maths</Filter>
    </ClCompile>
    <ClCompile Include="StrategyTestGame.cpp">
      <Filter>Source Files\Applications</Filter>
    </ClCompile>
    <ClCompile Include="PlayingCard.cpp">
      <Filter>Source Files\Cards</Filter>
    </ClCompile>
    <ClCompile Include="PlayingCardDrawable.cpp">
      <Filter>Source Files\Cards</Filter>
    </ClCompile>
    <ClCompile Include="PlayingCardTest.cpp">
      <Filter>Source Files\Applications</Filter>
    </ClCompile>
    <ClCompile Include="PlayingCardManager.cpp">
      <Filter>Source Files\Cards</Filter>
    </ClCompile>
    <ClCompile Include="PlayingCardDeck.cpp">
      <Filter>Source Files\Cards</Filter>
    </ClCompile>
    <ClCompile Include="PlayingCardPile.cpp">
      <Filter>Source Files\Cards</Filter>
    </ClCompile>
    <ClCompile Include="PlayingCardLayout.cpp">
      <Filter>Source Files\Cards</Filter>
    </ClCompile>
    <ClCompile Include="DominosAITest.cpp">
      <Filter>Source Files\Applications</Filter>
    </ClCompile>
    <ClCompile Include="DominoAI.cpp">
      <Filter>Source Files\DominosAI</Filter>
    </ClCompile>
    <ClCompile Include="Domino.cpp">
      <Filter>Source Files\DominosAI</Filter>
    </ClCompile>
    <ClCompile Include="Navigation.cpp">
      <Filter>Source Files\Utility</Filter>
    </ClCompile>
    <ClCompile Include="WavePuzzle.cpp">
      <Filter>Source Files\Applications</Filter>
    </ClCompile>
    <ClCompile Include="InputManager.cpp">
      <Filter>Source Files\Utility</Filter>
    </ClCompile>
  </ItemGroup>
</Project>